
Microsoft Visual Studio Solution File, Format Version 12.00
# Visual Studio 15
VisualStudioVersion = 15.0.27004.2006
MinimumVisualStudioVersion = 10.0.40219.1
Project("{2150E333-8FDC-42A3-9474-1A3956D46DE8}") = "Mobiles", "Mobiles", "{D462C73A-406C-47E5-B658-8C27448E31C4}"
EndProject
Project("{FAE04EC0-301F-11D3-BF4B-00C04F79EFBC}") = "VirtualRisks.Mobiles.Android", "Mobiles\VirtualRisks.Mobiles\VirtualRisks.Mobiles.Android\VirtualRisks.Mobiles.Android.csproj", "{AC345AB9-A7A0-4AEA-9A2A-7894AE0E94B2}"
EndProject
Project("{FAE04EC0-301F-11D3-BF4B-00C04F79EFBC}") = "VirtualRisks.Mobiles", "Mobiles\VirtualRisks.Mobiles\VirtualRisks.Mobiles\VirtualRisks.Mobiles.csproj", "{F2BA1ABA-66DB-473F-8DCC-09BCEF1FDDE6}"
EndProject
Project("{2150E333-8FDC-42A3-9474-1A3956D46DE8}") = "Services", "Services", "{1552CEE3-FD8A-420F-A101-6EB8200A79E3}"
EndProject
Project("{2150E333-8FDC-42A3-9474-1A3956D46DE8}") = "Webs", "Webs", "{69768DA0-B678-4C55-9986-1756817FFD68}"
EndProject
Project("{FAE04EC0-301F-11D3-BF4B-00C04F79EFBC}") = "VirtualRisks.WebApi", "Webs\VirtualRisks.WebApi\VirtualRisks.WebApi.csproj", "{5AEBEB9D-1165-4B5F-BFB6-EBC199C59A04}"
EndProject
Project("{FAE04EC0-301F-11D3-BF4B-00C04F79EFBC}") = "VirtualRisks.WebApi.RestClient.Portable", "Webs\VirtualRisks.WebApi.RestClient.Portable\VirtualRisks.WebApi.RestClient.Portable.csproj", "{1B5762FA-A53D-4BDE-9B54-11BABF4D37D8}"
EndProject
Project("{FAE04EC0-301F-11D3-BF4B-00C04F79EFBC}") = "MongoRepository", "Services\MongoRepository\MongoRepository.csproj", "{FB18FC05-4C63-469C-9CB3-1CEDAA5BD060}"
EndProject
Project("{D954291E-2A0B-460D-934E-DC6B0785DB48}") = "VirtualRisks.Shared", "Services\VirtualRisks.Shared\VirtualRisks.Shared.shproj", "{CD9B9996-2E12-4E1C-800A-DB653C60197E}"
EndProject
Project("{FAE04EC0-301F-11D3-BF4B-00C04F79EFBC}") = "VirtualRisks.Entities", "Services\VirtualRisks.Entities\VirtualRisks.Entities.csproj", "{0AE8B251-3999-4F8A-A516-7D16F9EE8B2B}"
EndProject
Project("{FAE04EC0-301F-11D3-BF4B-00C04F79EFBC}") = "VirtualRisks.Application", "Services\VirtualRisks.Application\VirtualRisks.Application.csproj", "{458AAF0D-BA32-4FDA-8710-5CCC199945AF}"
EndProject
Project("{FAE04EC0-301F-11D3-BF4B-00C04F79EFBC}") = "VirtualRisks.DataAccess", "Services\VirtualRisks.DataAccess\VirtualRisks.DataAccess.csproj", "{9EDABE0D-36F8-4DD0-8F62-FFFDCCFC69E4}"
EndProject
Project("{FAE04EC0-301F-11D3-BF4B-00C04F79EFBC}") = "VirtualRisks.Domain", "Services\VirtualRisks.Domain\VirtualRisks.Domain.csproj", "{F30498B0-4E4C-4ACD-A701-5CC61FEDC8E7}"
EndProject
Project("{FAE04EC0-301F-11D3-BF4B-00C04F79EFBC}") = "VirtualRisks.Domain.Aggregates", "Services\VirtualRisks.Domain.Aggregates\VirtualRisks.Domain.Aggregates.csproj", "{62F1936D-0CFA-4EC0-B09B-37FF63E1725A}"
EndProject
Project("{FAE04EC0-301F-11D3-BF4B-00C04F79EFBC}") = "VirtualRisks.Domain.EventHandlers", "Services\VirtualRisks.Domain.EventHandlers\VirtualRisks.Domain.EventHandlers.csproj", "{3827F9C3-6C9D-4B2D-AA77-CF20B1581F16}"
EndProject
Project("{FAE04EC0-301F-11D3-BF4B-00C04F79EFBC}") = "VirtualRisks.Domain.Events", "Services\VirtualRisks.Domain.Events\VirtualRisks.Domain.Events.csproj", "{1C7B11C1-C98E-40D8-A152-07CF13C3DABE}"
EndProject
Project("{FAE04EC0-301F-11D3-BF4B-00C04F79EFBC}") = "VirtualRisks.Domain.Service", "Services\VirtualRisks.Domain.Service\VirtualRisks.Domain.Service.csproj", "{11161FCB-B53F-4446-A6B2-8A6BCC60DE1C}"
EndProject
Project("{FAE04EC0-301F-11D3-BF4B-00C04F79EFBC}") = "VirtualRisks.GameAi", "Services\VirtualRisks.GameAi\VirtualRisks.GameAi.csproj", "{90591504-E77E-4E82-A977-4CE5939000BD}"
EndProject
Project("{FAE04EC0-301F-11D3-BF4B-00C04F79EFBC}") = "VirtualRisks.Providers", "Services\VirtualRisks.Providers\VirtualRisks.Providers.csproj", "{63C2510D-5144-482C-9ADD-E2039C0708DF}"
EndProject
Project("{FAE04EC0-301F-11D3-BF4B-00C04F79EFBC}") = "VirtualRisks.WebApi", "Services\VirtualRisks.WebApi\VirtualRisks.WebApi.csproj", "{26DA7BCE-A0E6-49AD-B65A-4509777F1632}"
EndProject
Project("{FAE04EC0-301F-11D3-BF4B-00C04F79EFBC}") = "CastleGo.Common", "Common\CastleGo.Common.csproj", "{C02F89DD-40CE-4A5A-839E-338D0E2D1314}"
EndProject
Project("{D954291E-2A0B-460D-934E-DC6B0785DB48}") = "CastleGo.Shared.Common", "Shared.Common\CastleGo.Shared.Common.shproj", "{3D0D6ADB-CB6B-42DD-AD41-F48DE544E6BF}"
EndProject
Global
	GlobalSection(SharedMSBuildProjectFiles) = preSolution
		Shared.Common\CastleGo.Shared.Common.projitems*{0ae8b251-3999-4f8a-a516-7d16f9ee8b2b}*SharedItemsImports = 4
		Shared.Common\CastleGo.Shared.Common.projitems*{3d0d6adb-cb6b-42dd-ad41-f48de544e6bf}*SharedItemsImports = 13
		Services\VirtualRisks.Shared\CastleGo.Shared.projitems*{458aaf0d-ba32-4fda-8710-5ccc199945af}*SharedItemsImports = 4
		Services\VirtualRisks.Shared\CastleGo.Shared.projitems*{cd9b9996-2e12-4e1c-800a-db653c60197e}*SharedItemsImports = 13
	EndGlobalSection
	GlobalSection(SolutionConfigurationPlatforms) = preSolution
		Debug|Any CPU = Debug|Any CPU
		Debug|iPhone = Debug|iPhone
		Debug|iPhoneSimulator = Debug|iPhoneSimulator
		Release|Any CPU = Release|Any CPU
		Release|iPhone = Release|iPhone
		Release|iPhoneSimulator = Release|iPhoneSimulator
		surfaceDebug|Any CPU = surfaceDebug|Any CPU
		surfaceDebug|iPhone = surfaceDebug|iPhone
		surfaceDebug|iPhoneSimulator = surfaceDebug|iPhoneSimulator
	EndGlobalSection
	GlobalSection(ProjectConfigurationPlatforms) = postSolution
		{AC345AB9-A7A0-4AEA-9A2A-7894AE0E94B2}.Debug|Any CPU.ActiveCfg = Debug|Any CPU
		{AC345AB9-A7A0-4AEA-9A2A-7894AE0E94B2}.Debug|Any CPU.Build.0 = Debug|Any CPU
		{AC345AB9-A7A0-4AEA-9A2A-7894AE0E94B2}.Debug|Any CPU.Deploy.0 = Debug|Any CPU
		{AC345AB9-A7A0-4AEA-9A2A-7894AE0E94B2}.Debug|iPhone.ActiveCfg = Debug|Any CPU
		{AC345AB9-A7A0-4AEA-9A2A-7894AE0E94B2}.Debug|iPhone.Build.0 = Debug|Any CPU
		{AC345AB9-A7A0-4AEA-9A2A-7894AE0E94B2}.Debug|iPhone.Deploy.0 = Debug|Any CPU
		{AC345AB9-A7A0-4AEA-9A2A-7894AE0E94B2}.Debug|iPhoneSimulator.ActiveCfg = Debug|Any CPU
		{AC345AB9-A7A0-4AEA-9A2A-7894AE0E94B2}.Debug|iPhoneSimulator.Build.0 = Debug|Any CPU
		{AC345AB9-A7A0-4AEA-9A2A-7894AE0E94B2}.Debug|iPhoneSimulator.Deploy.0 = Debug|Any CPU
		{AC345AB9-A7A0-4AEA-9A2A-7894AE0E94B2}.Release|Any CPU.ActiveCfg = Release|Any CPU
		{AC345AB9-A7A0-4AEA-9A2A-7894AE0E94B2}.Release|Any CPU.Build.0 = Release|Any CPU
		{AC345AB9-A7A0-4AEA-9A2A-7894AE0E94B2}.Release|Any CPU.Deploy.0 = Release|Any CPU
		{AC345AB9-A7A0-4AEA-9A2A-7894AE0E94B2}.Release|iPhone.ActiveCfg = Release|Any CPU
		{AC345AB9-A7A0-4AEA-9A2A-7894AE0E94B2}.Release|iPhone.Build.0 = Release|Any CPU
		{AC345AB9-A7A0-4AEA-9A2A-7894AE0E94B2}.Release|iPhone.Deploy.0 = Release|Any CPU
		{AC345AB9-A7A0-4AEA-9A2A-7894AE0E94B2}.Release|iPhoneSimulator.ActiveCfg = Release|Any CPU
		{AC345AB9-A7A0-4AEA-9A2A-7894AE0E94B2}.Release|iPhoneSimulator.Build.0 = Release|Any CPU
		{AC345AB9-A7A0-4AEA-9A2A-7894AE0E94B2}.Release|iPhoneSimulator.Deploy.0 = Release|Any CPU
		{AC345AB9-A7A0-4AEA-9A2A-7894AE0E94B2}.surfaceDebug|Any CPU.ActiveCfg = Debug|Any CPU
		{AC345AB9-A7A0-4AEA-9A2A-7894AE0E94B2}.surfaceDebug|Any CPU.Build.0 = Debug|Any CPU
		{AC345AB9-A7A0-4AEA-9A2A-7894AE0E94B2}.surfaceDebug|Any CPU.Deploy.0 = Debug|Any CPU
		{AC345AB9-A7A0-4AEA-9A2A-7894AE0E94B2}.surfaceDebug|iPhone.ActiveCfg = Debug|Any CPU
		{AC345AB9-A7A0-4AEA-9A2A-7894AE0E94B2}.surfaceDebug|iPhone.Build.0 = Debug|Any CPU
		{AC345AB9-A7A0-4AEA-9A2A-7894AE0E94B2}.surfaceDebug|iPhone.Deploy.0 = Debug|Any CPU
		{AC345AB9-A7A0-4AEA-9A2A-7894AE0E94B2}.surfaceDebug|iPhoneSimulator.ActiveCfg = Debug|Any CPU
		{AC345AB9-A7A0-4AEA-9A2A-7894AE0E94B2}.surfaceDebug|iPhoneSimulator.Build.0 = Debug|Any CPU
		{AC345AB9-A7A0-4AEA-9A2A-7894AE0E94B2}.surfaceDebug|iPhoneSimulator.Deploy.0 = Debug|Any CPU
		{F2BA1ABA-66DB-473F-8DCC-09BCEF1FDDE6}.Debug|Any CPU.ActiveCfg = Debug|Any CPU
		{F2BA1ABA-66DB-473F-8DCC-09BCEF1FDDE6}.Debug|Any CPU.Build.0 = Debug|Any CPU
		{F2BA1ABA-66DB-473F-8DCC-09BCEF1FDDE6}.Debug|iPhone.ActiveCfg = Debug|Any CPU
		{F2BA1ABA-66DB-473F-8DCC-09BCEF1FDDE6}.Debug|iPhone.Build.0 = Debug|Any CPU
		{F2BA1ABA-66DB-473F-8DCC-09BCEF1FDDE6}.Debug|iPhoneSimulator.ActiveCfg = Debug|Any CPU
		{F2BA1ABA-66DB-473F-8DCC-09BCEF1FDDE6}.Debug|iPhoneSimulator.Build.0 = Debug|Any CPU
		{F2BA1ABA-66DB-473F-8DCC-09BCEF1FDDE6}.Release|Any CPU.ActiveCfg = Release|Any CPU
		{F2BA1ABA-66DB-473F-8DCC-09BCEF1FDDE6}.Release|Any CPU.Build.0 = Release|Any CPU
		{F2BA1ABA-66DB-473F-8DCC-09BCEF1FDDE6}.Release|iPhone.ActiveCfg = Release|Any CPU
		{F2BA1ABA-66DB-473F-8DCC-09BCEF1FDDE6}.Release|iPhone.Build.0 = Release|Any CPU
		{F2BA1ABA-66DB-473F-8DCC-09BCEF1FDDE6}.Release|iPhoneSimulator.ActiveCfg = Release|Any CPU
		{F2BA1ABA-66DB-473F-8DCC-09BCEF1FDDE6}.Release|iPhoneSimulator.Build.0 = Release|Any CPU
		{F2BA1ABA-66DB-473F-8DCC-09BCEF1FDDE6}.surfaceDebug|Any CPU.ActiveCfg = Debug|Any CPU
		{F2BA1ABA-66DB-473F-8DCC-09BCEF1FDDE6}.surfaceDebug|Any CPU.Build.0 = Debug|Any CPU
		{F2BA1ABA-66DB-473F-8DCC-09BCEF1FDDE6}.surfaceDebug|iPhone.ActiveCfg = Debug|Any CPU
		{F2BA1ABA-66DB-473F-8DCC-09BCEF1FDDE6}.surfaceDebug|iPhone.Build.0 = Debug|Any CPU
		{F2BA1ABA-66DB-473F-8DCC-09BCEF1FDDE6}.surfaceDebug|iPhoneSimulator.ActiveCfg = Debug|Any CPU
		{F2BA1ABA-66DB-473F-8DCC-09BCEF1FDDE6}.surfaceDebug|iPhoneSimulator.Build.0 = Debug|Any CPU
		{5AEBEB9D-1165-4B5F-BFB6-EBC199C59A04}.Debug|Any CPU.ActiveCfg = Debug|Any CPU
		{5AEBEB9D-1165-4B5F-BFB6-EBC199C59A04}.Debug|Any CPU.Build.0 = Debug|Any CPU
		{5AEBEB9D-1165-4B5F-BFB6-EBC199C59A04}.Debug|iPhone.ActiveCfg = Debug|Any CPU
		{5AEBEB9D-1165-4B5F-BFB6-EBC199C59A04}.Debug|iPhone.Build.0 = Debug|Any CPU
		{5AEBEB9D-1165-4B5F-BFB6-EBC199C59A04}.Debug|iPhoneSimulator.ActiveCfg = Debug|Any CPU
		{5AEBEB9D-1165-4B5F-BFB6-EBC199C59A04}.Debug|iPhoneSimulator.Build.0 = Debug|Any CPU
		{5AEBEB9D-1165-4B5F-BFB6-EBC199C59A04}.Release|Any CPU.ActiveCfg = Release|Any CPU
		{5AEBEB9D-1165-4B5F-BFB6-EBC199C59A04}.Release|Any CPU.Build.0 = Release|Any CPU
		{5AEBEB9D-1165-4B5F-BFB6-EBC199C59A04}.Release|iPhone.ActiveCfg = Release|Any CPU
		{5AEBEB9D-1165-4B5F-BFB6-EBC199C59A04}.Release|iPhone.Build.0 = Release|Any CPU
		{5AEBEB9D-1165-4B5F-BFB6-EBC199C59A04}.Release|iPhoneSimulator.ActiveCfg = Release|Any CPU
		{5AEBEB9D-1165-4B5F-BFB6-EBC199C59A04}.Release|iPhoneSimulator.Build.0 = Release|Any CPU
		{5AEBEB9D-1165-4B5F-BFB6-EBC199C59A04}.surfaceDebug|Any CPU.ActiveCfg = Debug|Any CPU
		{5AEBEB9D-1165-4B5F-BFB6-EBC199C59A04}.surfaceDebug|Any CPU.Build.0 = Debug|Any CPU
		{5AEBEB9D-1165-4B5F-BFB6-EBC199C59A04}.surfaceDebug|iPhone.ActiveCfg = Debug|Any CPU
		{5AEBEB9D-1165-4B5F-BFB6-EBC199C59A04}.surfaceDebug|iPhone.Build.0 = Debug|Any CPU
		{5AEBEB9D-1165-4B5F-BFB6-EBC199C59A04}.surfaceDebug|iPhoneSimulator.ActiveCfg = Debug|Any CPU
		{5AEBEB9D-1165-4B5F-BFB6-EBC199C59A04}.surfaceDebug|iPhoneSimulator.Build.0 = Debug|Any CPU
		{1B5762FA-A53D-4BDE-9B54-11BABF4D37D8}.Debug|Any CPU.ActiveCfg = Debug|Any CPU
		{1B5762FA-A53D-4BDE-9B54-11BABF4D37D8}.Debug|Any CPU.Build.0 = Debug|Any CPU
		{1B5762FA-A53D-4BDE-9B54-11BABF4D37D8}.Debug|iPhone.ActiveCfg = Debug|Any CPU
		{1B5762FA-A53D-4BDE-9B54-11BABF4D37D8}.Debug|iPhone.Build.0 = Debug|Any CPU
		{1B5762FA-A53D-4BDE-9B54-11BABF4D37D8}.Debug|iPhoneSimulator.ActiveCfg = Debug|Any CPU
		{1B5762FA-A53D-4BDE-9B54-11BABF4D37D8}.Debug|iPhoneSimulator.Build.0 = Debug|Any CPU
		{1B5762FA-A53D-4BDE-9B54-11BABF4D37D8}.Release|Any CPU.ActiveCfg = Release|Any CPU
		{1B5762FA-A53D-4BDE-9B54-11BABF4D37D8}.Release|Any CPU.Build.0 = Release|Any CPU
		{1B5762FA-A53D-4BDE-9B54-11BABF4D37D8}.Release|iPhone.ActiveCfg = Release|Any CPU
		{1B5762FA-A53D-4BDE-9B54-11BABF4D37D8}.Release|iPhone.Build.0 = Release|Any CPU
		{1B5762FA-A53D-4BDE-9B54-11BABF4D37D8}.Release|iPhoneSimulator.ActiveCfg = Release|Any CPU
		{1B5762FA-A53D-4BDE-9B54-11BABF4D37D8}.Release|iPhoneSimulator.Build.0 = Release|Any CPU
		{1B5762FA-A53D-4BDE-9B54-11BABF4D37D8}.surfaceDebug|Any CPU.ActiveCfg = Debug|Any CPU
		{1B5762FA-A53D-4BDE-9B54-11BABF4D37D8}.surfaceDebug|Any CPU.Build.0 = Debug|Any CPU
		{1B5762FA-A53D-4BDE-9B54-11BABF4D37D8}.surfaceDebug|iPhone.ActiveCfg = Debug|Any CPU
		{1B5762FA-A53D-4BDE-9B54-11BABF4D37D8}.surfaceDebug|iPhone.Build.0 = Debug|Any CPU
		{1B5762FA-A53D-4BDE-9B54-11BABF4D37D8}.surfaceDebug|iPhoneSimulator.ActiveCfg = Debug|Any CPU
		{1B5762FA-A53D-4BDE-9B54-11BABF4D37D8}.surfaceDebug|iPhoneSimulator.Build.0 = Debug|Any CPU
		{FB18FC05-4C63-469C-9CB3-1CEDAA5BD060}.Debug|Any CPU.ActiveCfg = Debug|Any CPU
		{FB18FC05-4C63-469C-9CB3-1CEDAA5BD060}.Debug|Any CPU.Build.0 = Debug|Any CPU
		{FB18FC05-4C63-469C-9CB3-1CEDAA5BD060}.Debug|iPhone.ActiveCfg = Debug|Any CPU
		{FB18FC05-4C63-469C-9CB3-1CEDAA5BD060}.Debug|iPhone.Build.0 = Debug|Any CPU
		{FB18FC05-4C63-469C-9CB3-1CEDAA5BD060}.Debug|iPhoneSimulator.ActiveCfg = Debug|Any CPU
		{FB18FC05-4C63-469C-9CB3-1CEDAA5BD060}.Debug|iPhoneSimulator.Build.0 = Debug|Any CPU
		{FB18FC05-4C63-469C-9CB3-1CEDAA5BD060}.Release|Any CPU.ActiveCfg = Release|Any CPU
		{FB18FC05-4C63-469C-9CB3-1CEDAA5BD060}.Release|Any CPU.Build.0 = Release|Any CPU
		{FB18FC05-4C63-469C-9CB3-1CEDAA5BD060}.Release|iPhone.ActiveCfg = Release|Any CPU
		{FB18FC05-4C63-469C-9CB3-1CEDAA5BD060}.Release|iPhone.Build.0 = Release|Any CPU
		{FB18FC05-4C63-469C-9CB3-1CEDAA5BD060}.Release|iPhoneSimulator.ActiveCfg = Release|Any CPU
		{FB18FC05-4C63-469C-9CB3-1CEDAA5BD060}.Release|iPhoneSimulator.Build.0 = Release|Any CPU
		{FB18FC05-4C63-469C-9CB3-1CEDAA5BD060}.surfaceDebug|Any CPU.ActiveCfg = surfaceDebug|Any CPU
		{FB18FC05-4C63-469C-9CB3-1CEDAA5BD060}.surfaceDebug|Any CPU.Build.0 = surfaceDebug|Any CPU
		{FB18FC05-4C63-469C-9CB3-1CEDAA5BD060}.surfaceDebug|iPhone.ActiveCfg = surfaceDebug|Any CPU
		{FB18FC05-4C63-469C-9CB3-1CEDAA5BD060}.surfaceDebug|iPhone.Build.0 = surfaceDebug|Any CPU
		{FB18FC05-4C63-469C-9CB3-1CEDAA5BD060}.surfaceDebug|iPhoneSimulator.ActiveCfg = surfaceDebug|Any CPU
		{FB18FC05-4C63-469C-9CB3-1CEDAA5BD060}.surfaceDebug|iPhoneSimulator.Build.0 = surfaceDebug|Any CPU
		{0AE8B251-3999-4F8A-A516-7D16F9EE8B2B}.Debug|Any CPU.ActiveCfg = Debug|Any CPU
		{0AE8B251-3999-4F8A-A516-7D16F9EE8B2B}.Debug|Any CPU.Build.0 = Debug|Any CPU
		{0AE8B251-3999-4F8A-A516-7D16F9EE8B2B}.Debug|iPhone.ActiveCfg = Debug|Any CPU
		{0AE8B251-3999-4F8A-A516-7D16F9EE8B2B}.Debug|iPhone.Build.0 = Debug|Any CPU
		{0AE8B251-3999-4F8A-A516-7D16F9EE8B2B}.Debug|iPhoneSimulator.ActiveCfg = Debug|Any CPU
		{0AE8B251-3999-4F8A-A516-7D16F9EE8B2B}.Debug|iPhoneSimulator.Build.0 = Debug|Any CPU
		{0AE8B251-3999-4F8A-A516-7D16F9EE8B2B}.Release|Any CPU.ActiveCfg = Release|Any CPU
		{0AE8B251-3999-4F8A-A516-7D16F9EE8B2B}.Release|Any CPU.Build.0 = Release|Any CPU
		{0AE8B251-3999-4F8A-A516-7D16F9EE8B2B}.Release|iPhone.ActiveCfg = Release|Any CPU
		{0AE8B251-3999-4F8A-A516-7D16F9EE8B2B}.Release|iPhone.Build.0 = Release|Any CPU
		{0AE8B251-3999-4F8A-A516-7D16F9EE8B2B}.Release|iPhoneSimulator.ActiveCfg = Release|Any CPU
		{0AE8B251-3999-4F8A-A516-7D16F9EE8B2B}.Release|iPhoneSimulator.Build.0 = Release|Any CPU
		{0AE8B251-3999-4F8A-A516-7D16F9EE8B2B}.surfaceDebug|Any CPU.ActiveCfg = surfaceDebug|Any CPU
		{0AE8B251-3999-4F8A-A516-7D16F9EE8B2B}.surfaceDebug|Any CPU.Build.0 = surfaceDebug|Any CPU
		{0AE8B251-3999-4F8A-A516-7D16F9EE8B2B}.surfaceDebug|iPhone.ActiveCfg = surfaceDebug|Any CPU
		{0AE8B251-3999-4F8A-A516-7D16F9EE8B2B}.surfaceDebug|iPhone.Build.0 = surfaceDebug|Any CPU
		{0AE8B251-3999-4F8A-A516-7D16F9EE8B2B}.surfaceDebug|iPhoneSimulator.ActiveCfg = surfaceDebug|Any CPU
		{0AE8B251-3999-4F8A-A516-7D16F9EE8B2B}.surfaceDebug|iPhoneSimulator.Build.0 = surfaceDebug|Any CPU
		{458AAF0D-BA32-4FDA-8710-5CCC199945AF}.Debug|Any CPU.ActiveCfg = Debug|Any CPU
		{458AAF0D-BA32-4FDA-8710-5CCC199945AF}.Debug|Any CPU.Build.0 = Debug|Any CPU
		{458AAF0D-BA32-4FDA-8710-5CCC199945AF}.Debug|iPhone.ActiveCfg = Debug|Any CPU
		{458AAF0D-BA32-4FDA-8710-5CCC199945AF}.Debug|iPhone.Build.0 = Debug|Any CPU
		{458AAF0D-BA32-4FDA-8710-5CCC199945AF}.Debug|iPhoneSimulator.ActiveCfg = Debug|Any CPU
		{458AAF0D-BA32-4FDA-8710-5CCC199945AF}.Debug|iPhoneSimulator.Build.0 = Debug|Any CPU
		{458AAF0D-BA32-4FDA-8710-5CCC199945AF}.Release|Any CPU.ActiveCfg = Release|Any CPU
		{458AAF0D-BA32-4FDA-8710-5CCC199945AF}.Release|Any CPU.Build.0 = Release|Any CPU
		{458AAF0D-BA32-4FDA-8710-5CCC199945AF}.Release|iPhone.ActiveCfg = Release|Any CPU
		{458AAF0D-BA32-4FDA-8710-5CCC199945AF}.Release|iPhone.Build.0 = Release|Any CPU
		{458AAF0D-BA32-4FDA-8710-5CCC199945AF}.Release|iPhoneSimulator.ActiveCfg = Release|Any CPU
		{458AAF0D-BA32-4FDA-8710-5CCC199945AF}.Release|iPhoneSimulator.Build.0 = Release|Any CPU
		{458AAF0D-BA32-4FDA-8710-5CCC199945AF}.surfaceDebug|Any CPU.ActiveCfg = surfaceDebug|Any CPU
		{458AAF0D-BA32-4FDA-8710-5CCC199945AF}.surfaceDebug|Any CPU.Build.0 = surfaceDebug|Any CPU
		{458AAF0D-BA32-4FDA-8710-5CCC199945AF}.surfaceDebug|iPhone.ActiveCfg = surfaceDebug|Any CPU
		{458AAF0D-BA32-4FDA-8710-5CCC199945AF}.surfaceDebug|iPhone.Build.0 = surfaceDebug|Any CPU
		{458AAF0D-BA32-4FDA-8710-5CCC199945AF}.surfaceDebug|iPhoneSimulator.ActiveCfg = surfaceDebug|Any CPU
		{458AAF0D-BA32-4FDA-8710-5CCC199945AF}.surfaceDebug|iPhoneSimulator.Build.0 = surfaceDebug|Any CPU
		{9EDABE0D-36F8-4DD0-8F62-FFFDCCFC69E4}.Debug|Any CPU.ActiveCfg = Debug|Any CPU
		{9EDABE0D-36F8-4DD0-8F62-FFFDCCFC69E4}.Debug|Any CPU.Build.0 = Debug|Any CPU
		{9EDABE0D-36F8-4DD0-8F62-FFFDCCFC69E4}.Debug|iPhone.ActiveCfg = Debug|Any CPU
		{9EDABE0D-36F8-4DD0-8F62-FFFDCCFC69E4}.Debug|iPhone.Build.0 = Debug|Any CPU
		{9EDABE0D-36F8-4DD0-8F62-FFFDCCFC69E4}.Debug|iPhoneSimulator.ActiveCfg = Debug|Any CPU
		{9EDABE0D-36F8-4DD0-8F62-FFFDCCFC69E4}.Debug|iPhoneSimulator.Build.0 = Debug|Any CPU
		{9EDABE0D-36F8-4DD0-8F62-FFFDCCFC69E4}.Release|Any CPU.ActiveCfg = Release|Any CPU
		{9EDABE0D-36F8-4DD0-8F62-FFFDCCFC69E4}.Release|Any CPU.Build.0 = Release|Any CPU
		{9EDABE0D-36F8-4DD0-8F62-FFFDCCFC69E4}.Release|iPhone.ActiveCfg = Release|Any CPU
		{9EDABE0D-36F8-4DD0-8F62-FFFDCCFC69E4}.Release|iPhone.Build.0 = Release|Any CPU
		{9EDABE0D-36F8-4DD0-8F62-FFFDCCFC69E4}.Release|iPhoneSimulator.ActiveCfg = Release|Any CPU
		{9EDABE0D-36F8-4DD0-8F62-FFFDCCFC69E4}.Release|iPhoneSimulator.Build.0 = Release|Any CPU
		{9EDABE0D-36F8-4DD0-8F62-FFFDCCFC69E4}.surfaceDebug|Any CPU.ActiveCfg = surfaceDebug|Any CPU
		{9EDABE0D-36F8-4DD0-8F62-FFFDCCFC69E4}.surfaceDebug|Any CPU.Build.0 = surfaceDebug|Any CPU
		{9EDABE0D-36F8-4DD0-8F62-FFFDCCFC69E4}.surfaceDebug|iPhone.ActiveCfg = surfaceDebug|Any CPU
		{9EDABE0D-36F8-4DD0-8F62-FFFDCCFC69E4}.surfaceDebug|iPhone.Build.0 = surfaceDebug|Any CPU
		{9EDABE0D-36F8-4DD0-8F62-FFFDCCFC69E4}.surfaceDebug|iPhoneSimulator.ActiveCfg = surfaceDebug|Any CPU
		{9EDABE0D-36F8-4DD0-8F62-FFFDCCFC69E4}.surfaceDebug|iPhoneSimulator.Build.0 = surfaceDebug|Any CPU
		{F30498B0-4E4C-4ACD-A701-5CC61FEDC8E7}.Debug|Any CPU.ActiveCfg = Debug|Any CPU
		{F30498B0-4E4C-4ACD-A701-5CC61FEDC8E7}.Debug|Any CPU.Build.0 = Debug|Any CPU
		{F30498B0-4E4C-4ACD-A701-5CC61FEDC8E7}.Debug|iPhone.ActiveCfg = Debug|Any CPU
		{F30498B0-4E4C-4ACD-A701-5CC61FEDC8E7}.Debug|iPhone.Build.0 = Debug|Any CPU
		{F30498B0-4E4C-4ACD-A701-5CC61FEDC8E7}.Debug|iPhoneSimulator.ActiveCfg = Debug|Any CPU
		{F30498B0-4E4C-4ACD-A701-5CC61FEDC8E7}.Debug|iPhoneSimulator.Build.0 = Debug|Any CPU
		{F30498B0-4E4C-4ACD-A701-5CC61FEDC8E7}.Release|Any CPU.ActiveCfg = Release|Any CPU
		{F30498B0-4E4C-4ACD-A701-5CC61FEDC8E7}.Release|Any CPU.Build.0 = Release|Any CPU
		{F30498B0-4E4C-4ACD-A701-5CC61FEDC8E7}.Release|iPhone.ActiveCfg = Release|Any CPU
		{F30498B0-4E4C-4ACD-A701-5CC61FEDC8E7}.Release|iPhone.Build.0 = Release|Any CPU
		{F30498B0-4E4C-4ACD-A701-5CC61FEDC8E7}.Release|iPhoneSimulator.ActiveCfg = Release|Any CPU
		{F30498B0-4E4C-4ACD-A701-5CC61FEDC8E7}.Release|iPhoneSimulator.Build.0 = Release|Any CPU
		{F30498B0-4E4C-4ACD-A701-5CC61FEDC8E7}.surfaceDebug|Any CPU.ActiveCfg = surfaceDebug|Any CPU
		{F30498B0-4E4C-4ACD-A701-5CC61FEDC8E7}.surfaceDebug|Any CPU.Build.0 = surfaceDebug|Any CPU
		{F30498B0-4E4C-4ACD-A701-5CC61FEDC8E7}.surfaceDebug|iPhone.ActiveCfg = surfaceDebug|Any CPU
		{F30498B0-4E4C-4ACD-A701-5CC61FEDC8E7}.surfaceDebug|iPhone.Build.0 = surfaceDebug|Any CPU
		{F30498B0-4E4C-4ACD-A701-5CC61FEDC8E7}.surfaceDebug|iPhoneSimulator.ActiveCfg = surfaceDebug|Any CPU
		{F30498B0-4E4C-4ACD-A701-5CC61FEDC8E7}.surfaceDebug|iPhoneSimulator.Build.0 = surfaceDebug|Any CPU
		{62F1936D-0CFA-4EC0-B09B-37FF63E1725A}.Debug|Any CPU.ActiveCfg = Debug|Any CPU
		{62F1936D-0CFA-4EC0-B09B-37FF63E1725A}.Debug|Any CPU.Build.0 = Debug|Any CPU
		{62F1936D-0CFA-4EC0-B09B-37FF63E1725A}.Debug|iPhone.ActiveCfg = Debug|Any CPU
		{62F1936D-0CFA-4EC0-B09B-37FF63E1725A}.Debug|iPhone.Build.0 = Debug|Any CPU
		{62F1936D-0CFA-4EC0-B09B-37FF63E1725A}.Debug|iPhoneSimulator.ActiveCfg = Debug|Any CPU
		{62F1936D-0CFA-4EC0-B09B-37FF63E1725A}.Debug|iPhoneSimulator.Build.0 = Debug|Any CPU
		{62F1936D-0CFA-4EC0-B09B-37FF63E1725A}.Release|Any CPU.ActiveCfg = Release|Any CPU
		{62F1936D-0CFA-4EC0-B09B-37FF63E1725A}.Release|Any CPU.Build.0 = Release|Any CPU
		{62F1936D-0CFA-4EC0-B09B-37FF63E1725A}.Release|iPhone.ActiveCfg = Release|Any CPU
		{62F1936D-0CFA-4EC0-B09B-37FF63E1725A}.Release|iPhone.Build.0 = Release|Any CPU
		{62F1936D-0CFA-4EC0-B09B-37FF63E1725A}.Release|iPhoneSimulator.ActiveCfg = Release|Any CPU
		{62F1936D-0CFA-4EC0-B09B-37FF63E1725A}.Release|iPhoneSimulator.Build.0 = Release|Any CPU
		{62F1936D-0CFA-4EC0-B09B-37FF63E1725A}.surfaceDebug|Any CPU.ActiveCfg = surfaceDebug|Any CPU
		{62F1936D-0CFA-4EC0-B09B-37FF63E1725A}.surfaceDebug|Any CPU.Build.0 = surfaceDebug|Any CPU
		{62F1936D-0CFA-4EC0-B09B-37FF63E1725A}.surfaceDebug|iPhone.ActiveCfg = surfaceDebug|Any CPU
		{62F1936D-0CFA-4EC0-B09B-37FF63E1725A}.surfaceDebug|iPhone.Build.0 = surfaceDebug|Any CPU
		{62F1936D-0CFA-4EC0-B09B-37FF63E1725A}.surfaceDebug|iPhoneSimulator.ActiveCfg = surfaceDebug|Any CPU
		{62F1936D-0CFA-4EC0-B09B-37FF63E1725A}.surfaceDebug|iPhoneSimulator.Build.0 = surfaceDebug|Any CPU
		{3827F9C3-6C9D-4B2D-AA77-CF20B1581F16}.Debug|Any CPU.ActiveCfg = Debug|Any CPU
		{3827F9C3-6C9D-4B2D-AA77-CF20B1581F16}.Debug|Any CPU.Build.0 = Debug|Any CPU
		{3827F9C3-6C9D-4B2D-AA77-CF20B1581F16}.Debug|iPhone.ActiveCfg = Debug|Any CPU
		{3827F9C3-6C9D-4B2D-AA77-CF20B1581F16}.Debug|iPhone.Build.0 = Debug|Any CPU
		{3827F9C3-6C9D-4B2D-AA77-CF20B1581F16}.Debug|iPhoneSimulator.ActiveCfg = Debug|Any CPU
		{3827F9C3-6C9D-4B2D-AA77-CF20B1581F16}.Debug|iPhoneSimulator.Build.0 = Debug|Any CPU
		{3827F9C3-6C9D-4B2D-AA77-CF20B1581F16}.Release|Any CPU.ActiveCfg = Release|Any CPU
		{3827F9C3-6C9D-4B2D-AA77-CF20B1581F16}.Release|Any CPU.Build.0 = Release|Any CPU
		{3827F9C3-6C9D-4B2D-AA77-CF20B1581F16}.Release|iPhone.ActiveCfg = Release|Any CPU
		{3827F9C3-6C9D-4B2D-AA77-CF20B1581F16}.Release|iPhone.Build.0 = Release|Any CPU
		{3827F9C3-6C9D-4B2D-AA77-CF20B1581F16}.Release|iPhoneSimulator.ActiveCfg = Release|Any CPU
		{3827F9C3-6C9D-4B2D-AA77-CF20B1581F16}.Release|iPhoneSimulator.Build.0 = Release|Any CPU
		{3827F9C3-6C9D-4B2D-AA77-CF20B1581F16}.surfaceDebug|Any CPU.ActiveCfg = surfaceDebug|Any CPU
		{3827F9C3-6C9D-4B2D-AA77-CF20B1581F16}.surfaceDebug|Any CPU.Build.0 = surfaceDebug|Any CPU
		{3827F9C3-6C9D-4B2D-AA77-CF20B1581F16}.surfaceDebug|iPhone.ActiveCfg = surfaceDebug|Any CPU
		{3827F9C3-6C9D-4B2D-AA77-CF20B1581F16}.surfaceDebug|iPhone.Build.0 = surfaceDebug|Any CPU
		{3827F9C3-6C9D-4B2D-AA77-CF20B1581F16}.surfaceDebug|iPhoneSimulator.ActiveCfg = surfaceDebug|Any CPU
		{3827F9C3-6C9D-4B2D-AA77-CF20B1581F16}.surfaceDebug|iPhoneSimulator.Build.0 = surfaceDebug|Any CPU
		{1C7B11C1-C98E-40D8-A152-07CF13C3DABE}.Debug|Any CPU.ActiveCfg = Debug|Any CPU
		{1C7B11C1-C98E-40D8-A152-07CF13C3DABE}.Debug|Any CPU.Build.0 = Debug|Any CPU
		{1C7B11C1-C98E-40D8-A152-07CF13C3DABE}.Debug|iPhone.ActiveCfg = Debug|Any CPU
		{1C7B11C1-C98E-40D8-A152-07CF13C3DABE}.Debug|iPhone.Build.0 = Debug|Any CPU
		{1C7B11C1-C98E-40D8-A152-07CF13C3DABE}.Debug|iPhoneSimulator.ActiveCfg = Debug|Any CPU
		{1C7B11C1-C98E-40D8-A152-07CF13C3DABE}.Debug|iPhoneSimulator.Build.0 = Debug|Any CPU
		{1C7B11C1-C98E-40D8-A152-07CF13C3DABE}.Release|Any CPU.ActiveCfg = Release|Any CPU
		{1C7B11C1-C98E-40D8-A152-07CF13C3DABE}.Release|Any CPU.Build.0 = Release|Any CPU
		{1C7B11C1-C98E-40D8-A152-07CF13C3DABE}.Release|iPhone.ActiveCfg = Release|Any CPU
		{1C7B11C1-C98E-40D8-A152-07CF13C3DABE}.Release|iPhone.Build.0 = Release|Any CPU
		{1C7B11C1-C98E-40D8-A152-07CF13C3DABE}.Release|iPhoneSimulator.ActiveCfg = Release|Any CPU
		{1C7B11C1-C98E-40D8-A152-07CF13C3DABE}.Release|iPhoneSimulator.Build.0 = Release|Any CPU
		{1C7B11C1-C98E-40D8-A152-07CF13C3DABE}.surfaceDebug|Any CPU.ActiveCfg = surfaceDebug|Any CPU
		{1C7B11C1-C98E-40D8-A152-07CF13C3DABE}.surfaceDebug|Any CPU.Build.0 = surfaceDebug|Any CPU
		{1C7B11C1-C98E-40D8-A152-07CF13C3DABE}.surfaceDebug|iPhone.ActiveCfg = surfaceDebug|Any CPU
		{1C7B11C1-C98E-40D8-A152-07CF13C3DABE}.surfaceDebug|iPhone.Build.0 = surfaceDebug|Any CPU
		{1C7B11C1-C98E-40D8-A152-07CF13C3DABE}.surfaceDebug|iPhoneSimulator.ActiveCfg = surfaceDebug|Any CPU
		{1C7B11C1-C98E-40D8-A152-07CF13C3DABE}.surfaceDebug|iPhoneSimulator.Build.0 = surfaceDebug|Any CPU
		{11161FCB-B53F-4446-A6B2-8A6BCC60DE1C}.Debug|Any CPU.ActiveCfg = Debug|Any CPU
		{11161FCB-B53F-4446-A6B2-8A6BCC60DE1C}.Debug|Any CPU.Build.0 = Debug|Any CPU
		{11161FCB-B53F-4446-A6B2-8A6BCC60DE1C}.Debug|iPhone.ActiveCfg = Debug|Any CPU
		{11161FCB-B53F-4446-A6B2-8A6BCC60DE1C}.Debug|iPhone.Build.0 = Debug|Any CPU
		{11161FCB-B53F-4446-A6B2-8A6BCC60DE1C}.Debug|iPhoneSimulator.ActiveCfg = Debug|Any CPU
		{11161FCB-B53F-4446-A6B2-8A6BCC60DE1C}.Debug|iPhoneSimulator.Build.0 = Debug|Any CPU
		{11161FCB-B53F-4446-A6B2-8A6BCC60DE1C}.Release|Any CPU.ActiveCfg = Release|Any CPU
		{11161FCB-B53F-4446-A6B2-8A6BCC60DE1C}.Release|Any CPU.Build.0 = Release|Any CPU
		{11161FCB-B53F-4446-A6B2-8A6BCC60DE1C}.Release|iPhone.ActiveCfg = Release|Any CPU
		{11161FCB-B53F-4446-A6B2-8A6BCC60DE1C}.Release|iPhone.Build.0 = Release|Any CPU
		{11161FCB-B53F-4446-A6B2-8A6BCC60DE1C}.Release|iPhoneSimulator.ActiveCfg = Release|Any CPU
		{11161FCB-B53F-4446-A6B2-8A6BCC60DE1C}.Release|iPhoneSimulator.Build.0 = Release|Any CPU
		{11161FCB-B53F-4446-A6B2-8A6BCC60DE1C}.surfaceDebug|Any CPU.ActiveCfg = surfaceDebug|Any CPU
		{11161FCB-B53F-4446-A6B2-8A6BCC60DE1C}.surfaceDebug|Any CPU.Build.0 = surfaceDebug|Any CPU
		{11161FCB-B53F-4446-A6B2-8A6BCC60DE1C}.surfaceDebug|iPhone.ActiveCfg = surfaceDebug|Any CPU
		{11161FCB-B53F-4446-A6B2-8A6BCC60DE1C}.surfaceDebug|iPhone.Build.0 = surfaceDebug|Any CPU
		{11161FCB-B53F-4446-A6B2-8A6BCC60DE1C}.surfaceDebug|iPhoneSimulator.ActiveCfg = surfaceDebug|Any CPU
		{11161FCB-B53F-4446-A6B2-8A6BCC60DE1C}.surfaceDebug|iPhoneSimulator.Build.0 = surfaceDebug|Any CPU
		{90591504-E77E-4E82-A977-4CE5939000BD}.Debug|Any CPU.ActiveCfg = Debug|Any CPU
		{90591504-E77E-4E82-A977-4CE5939000BD}.Debug|Any CPU.Build.0 = Debug|Any CPU
		{90591504-E77E-4E82-A977-4CE5939000BD}.Debug|iPhone.ActiveCfg = Debug|Any CPU
		{90591504-E77E-4E82-A977-4CE5939000BD}.Debug|iPhone.Build.0 = Debug|Any CPU
		{90591504-E77E-4E82-A977-4CE5939000BD}.Debug|iPhoneSimulator.ActiveCfg = Debug|Any CPU
		{90591504-E77E-4E82-A977-4CE5939000BD}.Debug|iPhoneSimulator.Build.0 = Debug|Any CPU
		{90591504-E77E-4E82-A977-4CE5939000BD}.Release|Any CPU.ActiveCfg = Release|Any CPU
		{90591504-E77E-4E82-A977-4CE5939000BD}.Release|Any CPU.Build.0 = Release|Any CPU
		{90591504-E77E-4E82-A977-4CE5939000BD}.Release|iPhone.ActiveCfg = Release|Any CPU
		{90591504-E77E-4E82-A977-4CE5939000BD}.Release|iPhone.Build.0 = Release|Any CPU
		{90591504-E77E-4E82-A977-4CE5939000BD}.Release|iPhoneSimulator.ActiveCfg = Release|Any CPU
		{90591504-E77E-4E82-A977-4CE5939000BD}.Release|iPhoneSimulator.Build.0 = Release|Any CPU
		{90591504-E77E-4E82-A977-4CE5939000BD}.surfaceDebug|Any CPU.ActiveCfg = surfaceDebug|Any CPU
		{90591504-E77E-4E82-A977-4CE5939000BD}.surfaceDebug|Any CPU.Build.0 = surfaceDebug|Any CPU
		{90591504-E77E-4E82-A977-4CE5939000BD}.surfaceDebug|iPhone.ActiveCfg = surfaceDebug|Any CPU
		{90591504-E77E-4E82-A977-4CE5939000BD}.surfaceDebug|iPhone.Build.0 = surfaceDebug|Any CPU
		{90591504-E77E-4E82-A977-4CE5939000BD}.surfaceDebug|iPhoneSimulator.ActiveCfg = surfaceDebug|Any CPU
		{90591504-E77E-4E82-A977-4CE5939000BD}.surfaceDebug|iPhoneSimulator.Build.0 = surfaceDebug|Any CPU
		{63C2510D-5144-482C-9ADD-E2039C0708DF}.Debug|Any CPU.ActiveCfg = Debug|Any CPU
		{63C2510D-5144-482C-9ADD-E2039C0708DF}.Debug|Any CPU.Build.0 = Debug|Any CPU
		{63C2510D-5144-482C-9ADD-E2039C0708DF}.Debug|iPhone.ActiveCfg = Debug|Any CPU
		{63C2510D-5144-482C-9ADD-E2039C0708DF}.Debug|iPhone.Build.0 = Debug|Any CPU
		{63C2510D-5144-482C-9ADD-E2039C0708DF}.Debug|iPhoneSimulator.ActiveCfg = Debug|Any CPU
		{63C2510D-5144-482C-9ADD-E2039C0708DF}.Debug|iPhoneSimulator.Build.0 = Debug|Any CPU
		{63C2510D-5144-482C-9ADD-E2039C0708DF}.Release|Any CPU.ActiveCfg = Release|Any CPU
		{63C2510D-5144-482C-9ADD-E2039C0708DF}.Release|Any CPU.Build.0 = Release|Any CPU
		{63C2510D-5144-482C-9ADD-E2039C0708DF}.Release|iPhone.ActiveCfg = Release|Any CPU
		{63C2510D-5144-482C-9ADD-E2039C0708DF}.Release|iPhone.Build.0 = Release|Any CPU
		{63C2510D-5144-482C-9ADD-E2039C0708DF}.Release|iPhoneSimulator.ActiveCfg = Release|Any CPU
		{63C2510D-5144-482C-9ADD-E2039C0708DF}.Release|iPhoneSimulator.Build.0 = Release|Any CPU
		{63C2510D-5144-482C-9ADD-E2039C0708DF}.surfaceDebug|Any CPU.ActiveCfg = surfaceDebug|Any CPU
		{63C2510D-5144-482C-9ADD-E2039C0708DF}.surfaceDebug|Any CPU.Build.0 = surfaceDebug|Any CPU
		{63C2510D-5144-482C-9ADD-E2039C0708DF}.surfaceDebug|iPhone.ActiveCfg = surfaceDebug|Any CPU
		{63C2510D-5144-482C-9ADD-E2039C0708DF}.surfaceDebug|iPhone.Build.0 = surfaceDebug|Any CPU
		{63C2510D-5144-482C-9ADD-E2039C0708DF}.surfaceDebug|iPhoneSimulator.ActiveCfg = surfaceDebug|Any CPU
		{63C2510D-5144-482C-9ADD-E2039C0708DF}.surfaceDebug|iPhoneSimulator.Build.0 = surfaceDebug|Any CPU
		{26DA7BCE-A0E6-49AD-B65A-4509777F1632}.Debug|Any CPU.ActiveCfg = Debug|Any CPU
		{26DA7BCE-A0E6-49AD-B65A-4509777F1632}.Debug|Any CPU.Build.0 = Debug|Any CPU
		{26DA7BCE-A0E6-49AD-B65A-4509777F1632}.Debug|iPhone.ActiveCfg = Debug|Any CPU
		{26DA7BCE-A0E6-49AD-B65A-4509777F1632}.Debug|iPhone.Build.0 = Debug|Any CPU
		{26DA7BCE-A0E6-49AD-B65A-4509777F1632}.Debug|iPhoneSimulator.ActiveCfg = Debug|Any CPU
		{26DA7BCE-A0E6-49AD-B65A-4509777F1632}.Debug|iPhoneSimulator.Build.0 = Debug|Any CPU
		{26DA7BCE-A0E6-49AD-B65A-4509777F1632}.Release|Any CPU.ActiveCfg = Release|Any CPU
		{26DA7BCE-A0E6-49AD-B65A-4509777F1632}.Release|Any CPU.Build.0 = Release|Any CPU
		{26DA7BCE-A0E6-49AD-B65A-4509777F1632}.Release|iPhone.ActiveCfg = Release|Any CPU
		{26DA7BCE-A0E6-49AD-B65A-4509777F1632}.Release|iPhone.Build.0 = Release|Any CPU
		{26DA7BCE-A0E6-49AD-B65A-4509777F1632}.Release|iPhoneSimulator.ActiveCfg = Release|Any CPU
		{26DA7BCE-A0E6-49AD-B65A-4509777F1632}.Release|iPhoneSimulator.Build.0 = Release|Any CPU
		{26DA7BCE-A0E6-49AD-B65A-4509777F1632}.surfaceDebug|Any CPU.ActiveCfg = surfaceDebug|Any CPU
		{26DA7BCE-A0E6-49AD-B65A-4509777F1632}.surfaceDebug|Any CPU.Build.0 = surfaceDebug|Any CPU
		{26DA7BCE-A0E6-49AD-B65A-4509777F1632}.surfaceDebug|iPhone.ActiveCfg = surfaceDebug|Any CPU
		{26DA7BCE-A0E6-49AD-B65A-4509777F1632}.surfaceDebug|iPhone.Build.0 = surfaceDebug|Any CPU
		{26DA7BCE-A0E6-49AD-B65A-4509777F1632}.surfaceDebug|iPhoneSimulator.ActiveCfg = surfaceDebug|Any CPU
		{26DA7BCE-A0E6-49AD-B65A-4509777F1632}.surfaceDebug|iPhoneSimulator.Build.0 = surfaceDebug|Any CPU
		{C02F89DD-40CE-4A5A-839E-338D0E2D1314}.Debug|Any CPU.ActiveCfg = Debug|Any CPU
		{C02F89DD-40CE-4A5A-839E-338D0E2D1314}.Debug|Any CPU.Build.0 = Debug|Any CPU
		{C02F89DD-40CE-4A5A-839E-338D0E2D1314}.Debug|iPhone.ActiveCfg = Debug|Any CPU
		{C02F89DD-40CE-4A5A-839E-338D0E2D1314}.Debug|iPhone.Build.0 = Debug|Any CPU
		{C02F89DD-40CE-4A5A-839E-338D0E2D1314}.Debug|iPhoneSimulator.ActiveCfg = Debug|Any CPU
		{C02F89DD-40CE-4A5A-839E-338D0E2D1314}.Debug|iPhoneSimulator.Build.0 = Debug|Any CPU
		{C02F89DD-40CE-4A5A-839E-338D0E2D1314}.Release|Any CPU.ActiveCfg = Release|Any CPU
		{C02F89DD-40CE-4A5A-839E-338D0E2D1314}.Release|Any CPU.Build.0 = Release|Any CPU
		{C02F89DD-40CE-4A5A-839E-338D0E2D1314}.Release|iPhone.ActiveCfg = Release|Any CPU
		{C02F89DD-40CE-4A5A-839E-338D0E2D1314}.Release|iPhone.Build.0 = Release|Any CPU
		{C02F89DD-40CE-4A5A-839E-338D0E2D1314}.Release|iPhoneSimulator.ActiveCfg = Release|Any CPU
		{C02F89DD-40CE-4A5A-839E-338D0E2D1314}.Release|iPhoneSimulator.Build.0 = Release|Any CPU
		{C02F89DD-40CE-4A5A-839E-338D0E2D1314}.surfaceDebug|Any CPU.ActiveCfg = surfaceDebug|Any CPU
		{C02F89DD-40CE-4A5A-839E-338D0E2D1314}.surfaceDebug|Any CPU.Build.0 = surfaceDebug|Any CPU
		{C02F89DD-40CE-4A5A-839E-338D0E2D1314}.surfaceDebug|iPhone.ActiveCfg = surfaceDebug|Any CPU
		{C02F89DD-40CE-4A5A-839E-338D0E2D1314}.surfaceDebug|iPhone.Build.0 = surfaceDebug|Any CPU
		{C02F89DD-40CE-4A5A-839E-338D0E2D1314}.surfaceDebug|iPhoneSimulator.ActiveCfg = surfaceDebug|Any CPU
		{C02F89DD-40CE-4A5A-839E-338D0E2D1314}.surfaceDebug|iPhoneSimulator.Build.0 = surfaceDebug|Any CPU
	EndGlobalSection
	GlobalSection(SolutionProperties) = preSolution
		HideSolutionNode = FALSE
	EndGlobalSection
	GlobalSection(NestedProjects) = preSolution
		{AC345AB9-A7A0-4AEA-9A2A-7894AE0E94B2} = {D462C73A-406C-47E5-B658-8C27448E31C4}
		{F2BA1ABA-66DB-473F-8DCC-09BCEF1FDDE6} = {D462C73A-406C-47E5-B658-8C27448E31C4}
		{5AEBEB9D-1165-4B5F-BFB6-EBC199C59A04} = {69768DA0-B678-4C55-9986-1756817FFD68}
		{1B5762FA-A53D-4BDE-9B54-11BABF4D37D8} = {69768DA0-B678-4C55-9986-1756817FFD68}
		{FB18FC05-4C63-469C-9CB3-1CEDAA5BD060} = {1552CEE3-FD8A-420F-A101-6EB8200A79E3}
		{CD9B9996-2E12-4E1C-800A-DB653C60197E} = {1552CEE3-FD8A-420F-A101-6EB8200A79E3}
		{0AE8B251-3999-4F8A-A516-7D16F9EE8B2B} = {1552CEE3-FD8A-420F-A101-6EB8200A79E3}
		{458AAF0D-BA32-4FDA-8710-5CCC199945AF} = {1552CEE3-FD8A-420F-A101-6EB8200A79E3}
		{9EDABE0D-36F8-4DD0-8F62-FFFDCCFC69E4} = {1552CEE3-FD8A-420F-A101-6EB8200A79E3}
		{F30498B0-4E4C-4ACD-A701-5CC61FEDC8E7} = {1552CEE3-FD8A-420F-A101-6EB8200A79E3}
		{62F1936D-0CFA-4EC0-B09B-37FF63E1725A} = {1552CEE3-FD8A-420F-A101-6EB8200A79E3}
		{3827F9C3-6C9D-4B2D-AA77-CF20B1581F16} = {1552CEE3-FD8A-420F-A101-6EB8200A79E3}
		{1C7B11C1-C98E-40D8-A152-07CF13C3DABE} = {1552CEE3-FD8A-420F-A101-6EB8200A79E3}
		{11161FCB-B53F-4446-A6B2-8A6BCC60DE1C} = {1552CEE3-FD8A-420F-A101-6EB8200A79E3}
		{90591504-E77E-4E82-A977-4CE5939000BD} = {1552CEE3-FD8A-420F-A101-6EB8200A79E3}
		{63C2510D-5144-482C-9ADD-E2039C0708DF} = {1552CEE3-FD8A-420F-A101-6EB8200A79E3}
		{26DA7BCE-A0E6-49AD-B65A-4509777F1632} = {1552CEE3-FD8A-420F-A101-6EB8200A79E3}
	EndGlobalSection
	GlobalSection(ExtensibilityGlobals) = postSolution
		SolutionGuid = {C00ECA26-52E2-45C5-9C9E-C63B47A16E9C}
	EndGlobalSection
EndGlobal
